
Microsoft Visual Studio Solution File, Format Version 12.00
# Visual Studio Version 16
VisualStudioVersion = 16.0.30330.147
MinimumVisualStudioVersion = 10.0.40219.1
Project("{9A19103F-16F7-4668-BE54-9A1E7A4F7556}") = "MileageTracker", "MileageTracker\MileageTracker.csproj", "{1B121283-B756-4A46-8ABC-EE38127BC1B0}"
EndProject
Project("{FAE04EC0-301F-11D3-BF4B-00C04F79EFBC}") = "MileageTracker.Data", "..\..\SWDV691_CapstoneService\MileageTracker.Data\MileageTracker.Data.csproj", "{0F7EA160-607A-4DEA-ADA7-45EBFE6AF19A}"
EndProject
Global
	GlobalSection(SolutionConfigurationPlatforms) = preSolution
		Debug|Any CPU = Debug|Any CPU
		Release|Any CPU = Release|Any CPU
	EndGlobalSection
	GlobalSection(ProjectConfigurationPlatforms) = postSolution
		{1B121283-B756-4A46-8ABC-EE38127BC1B0}.Debug|Any CPU.ActiveCfg = Debug|Any CPU
		{1B121283-B756-4A46-8ABC-EE38127BC1B0}.Debug|Any CPU.Build.0 = Debug|Any CPU
		{1B121283-B756-4A46-8ABC-EE38127BC1B0}.Release|Any CPU.ActiveCfg = Release|Any CPU
		{1B121283-B756-4A46-8ABC-EE38127BC1B0}.Release|Any CPU.Build.0 = Release|Any CPU
		{0F7EA160-607A-4DEA-ADA7-45EBFE6AF19A}.Debug|Any CPU.ActiveCfg = Debug|Any CPU
		{0F7EA160-607A-4DEA-ADA7-45EBFE6AF19A}.Debug|Any CPU.Build.0 = Debug|Any CPU
		{0F7EA160-607A-4DEA-ADA7-45EBFE6AF19A}.Release|Any CPU.ActiveCfg = Release|Any CPU
		{0F7EA160-607A-4DEA-ADA7-45EBFE6AF19A}.Release|Any CPU.Build.0 = Release|Any CPU
	EndGlobalSection
	GlobalSection(SolutionProperties) = preSolution
		HideSolutionNode = FALSE
	EndGlobalSection
	GlobalSection(ExtensibilityGlobals) = postSolution
		SolutionGuid = {5E4A8179-D0ED-4A2A-8305-D9F92494F489}
	EndGlobalSection
EndGlobal
